
Microsoft Visual Studio Solution File, Format Version 12.00
# Visual Studio Version 17
VisualStudioVersion = 17.6.33723.286
MinimumVisualStudioVersion = 10.0.40219.1
Project("{FAE04EC0-301F-11D3-BF4B-00C04F79EFBC}") = "OTS2026_PT1_GrupaB", "OTS2023_PT1_GrupaA\OTS2026_PT1_GrupaB.csproj", "{205FD714-8DBE-4C42-8047-B2BF5A929021}"
EndProject
Project("{FAE04EC0-301F-11D3-BF4B-00C04F79EFBC}") = "OTS2026_PT1_GrupaB.Test", "OTS2023_PT1_GrupaA.Test\OTS2026_PT1_GrupaB.Test.csproj", "{E0EC5292-B084-49E1-9BF7-C9822052F46F}"
EndProject
Global
	GlobalSection(SolutionConfigurationPlatforms) = preSolution
		Debug|Any CPU = Debug|Any CPU
		Release|Any CPU = Release|Any CPU
	EndGlobalSection
	GlobalSection(ProjectConfigurationPlatforms) = postSolution
		{205FD714-8DBE-4C42-8047-B2BF5A929021}.Debug|Any CPU.ActiveCfg = Debug|Any CPU
		{205FD714-8DBE-4C42-8047-B2BF5A929021}.Debug|Any CPU.Build.0 = Debug|Any CPU
		{205FD714-8DBE-4C42-8047-B2BF5A929021}.Release|Any CPU.ActiveCfg = Release|Any CPU
		{205FD714-8DBE-4C42-8047-B2BF5A929021}.Release|Any CPU.Build.0 = Release|Any CPU
		{E0EC5292-B084-49E1-9BF7-C9822052F46F}.Debug|Any CPU.ActiveCfg = Debug|Any CPU
		{E0EC5292-B084-49E1-9BF7-C9822052F46F}.Debug|Any CPU.Build.0 = Debug|Any CPU
		{E0EC5292-B084-49E1-9BF7-C9822052F46F}.Release|Any CPU.ActiveCfg = Release|Any CPU
		{E0EC5292-B084-49E1-9BF7-C9822052F46F}.Release|Any CPU.Build.0 = Release|Any CPU
	EndGlobalSection
	GlobalSection(SolutionProperties) = preSolution
		HideSolutionNode = FALSE
	EndGlobalSection
	GlobalSection(ExtensibilityGlobals) = postSolution
		SolutionGuid = {8A990FA7-DCC9-4F5F-B936-50459F2A5E1F}
	EndGlobalSection
EndGlobal
